
Microsoft Visual Studio Solution File, Format Version 12.00
# Visual Studio 15
VisualStudioVersion = 15.0.28010.2016
MinimumVisualStudioVersion = 10.0.40219.1
Project("{FAE04EC0-301F-11D3-BF4B-00C04F79EFBC}") = "NTI_QRsystem.Android", "NTI_QRsystem\NTI_QRsystem.Android\NTI_QRsystem.Android.csproj", "{1C973627-E464-4D5E-90B0-0AD63DEC1BD5}"
EndProject
Project("{FAE04EC0-301F-11D3-BF4B-00C04F79EFBC}") = "NTI_QRsystem.iOS", "NTI_QRsystem\NTI_QRsystem.iOS\NTI_QRsystem.iOS.csproj", "{0C3A6687-1016-42DB-BB41-45593CCA6AEB}"
EndProject
Project("{9A19103F-16F7-4668-BE54-9A1E7A4F7556}") = "NTI_QRsystem", "NTI_QRsystem\NTI_QRsystem\NTI_QRsystem.csproj", "{DD1AEB62-910E-4543-AC7F-5F1D2697F0A4}"
EndProject
Project("{FAE04EC0-301F-11D3-BF4B-00C04F79EFBC}") = "DataAccess", "DataAccess\DataAccess.csproj", "{FACCA9BA-AD1A-41AE-A1B6-0CE8D55429D8}"
EndProject
Project("{FAE04EC0-301F-11D3-BF4B-00C04F79EFBC}") = "WebApplication1", "WebApplication1\WebApplication1.csproj", "{8A46E1F1-2F96-4B10-91FF-7DFEB27BA98E}"
EndProject
Global
	GlobalSection(SolutionConfigurationPlatforms) = preSolution
		Ad-Hoc|Any CPU = Ad-Hoc|Any CPU
		Ad-Hoc|iPhone = Ad-Hoc|iPhone
		Ad-Hoc|iPhoneSimulator = Ad-Hoc|iPhoneSimulator
		AppStore|Any CPU = AppStore|Any CPU
		AppStore|iPhone = AppStore|iPhone
		AppStore|iPhoneSimulator = AppStore|iPhoneSimulator
		Debug|Any CPU = Debug|Any CPU
		Debug|iPhone = Debug|iPhone
		Debug|iPhoneSimulator = Debug|iPhoneSimulator
		Release|Any CPU = Release|Any CPU
		Release|iPhone = Release|iPhone
		Release|iPhoneSimulator = Release|iPhoneSimulator
	EndGlobalSection
	GlobalSection(ProjectConfigurationPlatforms) = postSolution
		{1C973627-E464-4D5E-90B0-0AD63DEC1BD5}.Ad-Hoc|Any CPU.ActiveCfg = Release|Any CPU
		{1C973627-E464-4D5E-90B0-0AD63DEC1BD5}.Ad-Hoc|Any CPU.Build.0 = Release|Any CPU
		{1C973627-E464-4D5E-90B0-0AD63DEC1BD5}.Ad-Hoc|Any CPU.Deploy.0 = Release|Any CPU
		{1C973627-E464-4D5E-90B0-0AD63DEC1BD5}.Ad-Hoc|iPhone.ActiveCfg = Release|Any CPU
		{1C973627-E464-4D5E-90B0-0AD63DEC1BD5}.Ad-Hoc|iPhone.Build.0 = Release|Any CPU
		{1C973627-E464-4D5E-90B0-0AD63DEC1BD5}.Ad-Hoc|iPhone.Deploy.0 = Release|Any CPU
		{1C973627-E464-4D5E-90B0-0AD63DEC1BD5}.Ad-Hoc|iPhoneSimulator.ActiveCfg = Release|Any CPU
		{1C973627-E464-4D5E-90B0-0AD63DEC1BD5}.Ad-Hoc|iPhoneSimulator.Build.0 = Release|Any CPU
		{1C973627-E464-4D5E-90B0-0AD63DEC1BD5}.Ad-Hoc|iPhoneSimulator.Deploy.0 = Release|Any CPU
		{1C973627-E464-4D5E-90B0-0AD63DEC1BD5}.AppStore|Any CPU.ActiveCfg = Release|Any CPU
		{1C973627-E464-4D5E-90B0-0AD63DEC1BD5}.AppStore|Any CPU.Build.0 = Release|Any CPU
		{1C973627-E464-4D5E-90B0-0AD63DEC1BD5}.AppStore|Any CPU.Deploy.0 = Release|Any CPU
		{1C973627-E464-4D5E-90B0-0AD63DEC1BD5}.AppStore|iPhone.ActiveCfg = Release|Any CPU
		{1C973627-E464-4D5E-90B0-0AD63DEC1BD5}.AppStore|iPhone.Build.0 = Release|Any CPU
		{1C973627-E464-4D5E-90B0-0AD63DEC1BD5}.AppStore|iPhone.Deploy.0 = Release|Any CPU
		{1C973627-E464-4D5E-90B0-0AD63DEC1BD5}.AppStore|iPhoneSimulator.ActiveCfg = Release|Any CPU
		{1C973627-E464-4D5E-90B0-0AD63DEC1BD5}.AppStore|iPhoneSimulator.Build.0 = Release|Any CPU
		{1C973627-E464-4D5E-90B0-0AD63DEC1BD5}.AppStore|iPhoneSimulator.Deploy.0 = Release|Any CPU
		{1C973627-E464-4D5E-90B0-0AD63DEC1BD5}.Debug|Any CPU.ActiveCfg = Debug|Any CPU
		{1C973627-E464-4D5E-90B0-0AD63DEC1BD5}.Debug|Any CPU.Build.0 = Debug|Any CPU
		{1C973627-E464-4D5E-90B0-0AD63DEC1BD5}.Debug|Any CPU.Deploy.0 = Debug|Any CPU
		{1C973627-E464-4D5E-90B0-0AD63DEC1BD5}.Debug|iPhone.ActiveCfg = Debug|Any CPU
		{1C973627-E464-4D5E-90B0-0AD63DEC1BD5}.Debug|iPhone.Build.0 = Debug|Any CPU
		{1C973627-E464-4D5E-90B0-0AD63DEC1BD5}.Debug|iPhone.Deploy.0 = Debug|Any CPU
		{1C973627-E464-4D5E-90B0-0AD63DEC1BD5}.Debug|iPhoneSimulator.ActiveCfg = Debug|Any CPU
		{1C973627-E464-4D5E-90B0-0AD63DEC1BD5}.Debug|iPhoneSimulator.Build.0 = Debug|Any CPU
		{1C973627-E464-4D5E-90B0-0AD63DEC1BD5}.Debug|iPhoneSimulator.Deploy.0 = Debug|Any CPU
		{1C973627-E464-4D5E-90B0-0AD63DEC1BD5}.Release|Any CPU.ActiveCfg = Release|Any CPU
		{1C973627-E464-4D5E-90B0-0AD63DEC1BD5}.Release|Any CPU.Build.0 = Release|Any CPU
		{1C973627-E464-4D5E-90B0-0AD63DEC1BD5}.Release|Any CPU.Deploy.0 = Release|Any CPU
		{1C973627-E464-4D5E-90B0-0AD63DEC1BD5}.Release|iPhone.ActiveCfg = Release|Any CPU
		{1C973627-E464-4D5E-90B0-0AD63DEC1BD5}.Release|iPhone.Build.0 = Release|Any CPU
		{1C973627-E464-4D5E-90B0-0AD63DEC1BD5}.Release|iPhone.Deploy.0 = Release|Any CPU
		{1C973627-E464-4D5E-90B0-0AD63DEC1BD5}.Release|iPhoneSimulator.ActiveCfg = Release|Any CPU
		{1C973627-E464-4D5E-90B0-0AD63DEC1BD5}.Release|iPhoneSimulator.Build.0 = Release|Any CPU
		{1C973627-E464-4D5E-90B0-0AD63DEC1BD5}.Release|iPhoneSimulator.Deploy.0 = Release|Any CPU
		{0C3A6687-1016-42DB-BB41-45593CCA6AEB}.Ad-Hoc|Any CPU.ActiveCfg = Ad-Hoc|iPhone
		{0C3A6687-1016-42DB-BB41-45593CCA6AEB}.Ad-Hoc|Any CPU.Build.0 = Ad-Hoc|iPhone
		{0C3A6687-1016-42DB-BB41-45593CCA6AEB}.Ad-Hoc|Any CPU.Deploy.0 = Ad-Hoc|iPhone
		{0C3A6687-1016-42DB-BB41-45593CCA6AEB}.Ad-Hoc|iPhone.ActiveCfg = Ad-Hoc|iPhone
		{0C3A6687-1016-42DB-BB41-45593CCA6AEB}.Ad-Hoc|iPhone.Build.0 = Ad-Hoc|iPhone
		{0C3A6687-1016-42DB-BB41-45593CCA6AEB}.Ad-Hoc|iPhone.Deploy.0 = Ad-Hoc|iPhone
		{0C3A6687-1016-42DB-BB41-45593CCA6AEB}.Ad-Hoc|iPhoneSimulator.ActiveCfg = Ad-Hoc|iPhoneSimulator
		{0C3A6687-1016-42DB-BB41-45593CCA6AEB}.Ad-Hoc|iPhoneSimulator.Build.0 = Ad-Hoc|iPhoneSimulator
		{0C3A6687-1016-42DB-BB41-45593CCA6AEB}.Ad-Hoc|iPhoneSimulator.Deploy.0 = Ad-Hoc|iPhoneSimulator
		{0C3A6687-1016-42DB-BB41-45593CCA6AEB}.AppStore|Any CPU.ActiveCfg = AppStore|iPhone
		{0C3A6687-1016-42DB-BB41-45593CCA6AEB}.AppStore|Any CPU.Build.0 = AppStore|iPhone
		{0C3A6687-1016-42DB-BB41-45593CCA6AEB}.AppStore|Any CPU.Deploy.0 = AppStore|iPhone
		{0C3A6687-1016-42DB-BB41-45593CCA6AEB}.AppStore|iPhone.ActiveCfg = AppStore|iPhone
		{0C3A6687-1016-42DB-BB41-45593CCA6AEB}.AppStore|iPhone.Build.0 = AppStore|iPhone
		{0C3A6687-1016-42DB-BB41-45593CCA6AEB}.AppStore|iPhone.Deploy.0 = AppStore|iPhone
		{0C3A6687-1016-42DB-BB41-45593CCA6AEB}.AppStore|iPhoneSimulator.ActiveCfg = AppStore|iPhoneSimulator
		{0C3A6687-1016-42DB-BB41-45593CCA6AEB}.AppStore|iPhoneSimulator.Build.0 = AppStore|iPhoneSimulator
		{0C3A6687-1016-42DB-BB41-45593CCA6AEB}.AppStore|iPhoneSimulator.Deploy.0 = AppStore|iPhoneSimulator
		{0C3A6687-1016-42DB-BB41-45593CCA6AEB}.Debug|Any CPU.ActiveCfg = Debug|iPhoneSimulator
		{0C3A6687-1016-42DB-BB41-45593CCA6AEB}.Debug|Any CPU.Build.0 = Debug|iPhoneSimulator
		{0C3A6687-1016-42DB-BB41-45593CCA6AEB}.Debug|Any CPU.Deploy.0 = Debug|iPhoneSimulator
		{0C3A6687-1016-42DB-BB41-45593CCA6AEB}.Debug|iPhone.ActiveCfg = Debug|iPhone
		{0C3A6687-1016-42DB-BB41-45593CCA6AEB}.Debug|iPhone.Build.0 = Debug|iPhone
		{0C3A6687-1016-42DB-BB41-45593CCA6AEB}.Debug|iPhone.Deploy.0 = Debug|iPhone
		{0C3A6687-1016-42DB-BB41-45593CCA6AEB}.Debug|iPhoneSimulator.ActiveCfg = Debug|iPhoneSimulator
		{0C3A6687-1016-42DB-BB41-45593CCA6AEB}.Debug|iPhoneSimulator.Build.0 = Debug|iPhoneSimulator
		{0C3A6687-1016-42DB-BB41-45593CCA6AEB}.Debug|iPhoneSimulator.Deploy.0 = Debug|iPhoneSimulator
		{0C3A6687-1016-42DB-BB41-45593CCA6AEB}.Release|Any CPU.ActiveCfg = Release|iPhone
		{0C3A6687-1016-42DB-BB41-45593CCA6AEB}.Release|Any CPU.Build.0 = Release|iPhone
		{0C3A6687-1016-42DB-BB41-45593CCA6AEB}.Release|Any CPU.Deploy.0 = Release|iPhone
		{0C3A6687-1016-42DB-BB41-45593CCA6AEB}.Release|iPhone.ActiveCfg = Release|iPhone
		{0C3A6687-1016-42DB-BB41-45593CCA6AEB}.Release|iPhone.Build.0 = Release|iPhone
		{0C3A6687-1016-42DB-BB41-45593CCA6AEB}.Release|iPhone.Deploy.0 = Release|iPhone
		{0C3A6687-1016-42DB-BB41-45593CCA6AEB}.Release|iPhoneSimulator.ActiveCfg = Release|iPhoneSimulator
		{0C3A6687-1016-42DB-BB41-45593CCA6AEB}.Release|iPhoneSimulator.Build.0 = Release|iPhoneSimulator
		{0C3A6687-1016-42DB-BB41-45593CCA6AEB}.Release|iPhoneSimulator.Deploy.0 = Release|iPhoneSimulator
		{DD1AEB62-910E-4543-AC7F-5F1D2697F0A4}.Ad-Hoc|Any CPU.ActiveCfg = Debug|Any CPU
		{DD1AEB62-910E-4543-AC7F-5F1D2697F0A4}.Ad-Hoc|Any CPU.Build.0 = Debug|Any CPU
		{DD1AEB62-910E-4543-AC7F-5F1D2697F0A4}.Ad-Hoc|Any CPU.Deploy.0 = Debug|Any CPU
		{DD1AEB62-910E-4543-AC7F-5F1D2697F0A4}.Ad-Hoc|iPhone.ActiveCfg = Debug|Any CPU
		{DD1AEB62-910E-4543-AC7F-5F1D2697F0A4}.Ad-Hoc|iPhone.Build.0 = Debug|Any CPU
		{DD1AEB62-910E-4543-AC7F-5F1D2697F0A4}.Ad-Hoc|iPhone.Deploy.0 = Debug|Any CPU
		{DD1AEB62-910E-4543-AC7F-5F1D2697F0A4}.Ad-Hoc|iPhoneSimulator.ActiveCfg = Debug|Any CPU
		{DD1AEB62-910E-4543-AC7F-5F1D2697F0A4}.Ad-Hoc|iPhoneSimulator.Build.0 = Debug|Any CPU
		{DD1AEB62-910E-4543-AC7F-5F1D2697F0A4}.Ad-Hoc|iPhoneSimulator.Deploy.0 = Debug|Any CPU
		{DD1AEB62-910E-4543-AC7F-5F1D2697F0A4}.AppStore|Any CPU.ActiveCfg = Debug|Any CPU
		{DD1AEB62-910E-4543-AC7F-5F1D2697F0A4}.AppStore|Any CPU.Build.0 = Debug|Any CPU
		{DD1AEB62-910E-4543-AC7F-5F1D2697F0A4}.AppStore|Any CPU.Deploy.0 = Debug|Any CPU
		{DD1AEB62-910E-4543-AC7F-5F1D2697F0A4}.AppStore|iPhone.ActiveCfg = Debug|Any CPU
		{DD1AEB62-910E-4543-AC7F-5F1D2697F0A4}.AppStore|iPhone.Build.0 = Debug|Any CPU
		{DD1AEB62-910E-4543-AC7F-5F1D2697F0A4}.AppStore|iPhone.Deploy.0 = Debug|Any CPU
		{DD1AEB62-910E-4543-AC7F-5F1D2697F0A4}.AppStore|iPhoneSimulator.ActiveCfg = Debug|Any CPU
		{DD1AEB62-910E-4543-AC7F-5F1D2697F0A4}.AppStore|iPhoneSimulator.Build.0 = Debug|Any CPU
		{DD1AEB62-910E-4543-AC7F-5F1D2697F0A4}.AppStore|iPhoneSimulator.Deploy.0 = Debug|Any CPU
		{DD1AEB62-910E-4543-AC7F-5F1D2697F0A4}.Debug|Any CPU.ActiveCfg = Debug|Any CPU
		{DD1AEB62-910E-4543-AC7F-5F1D2697F0A4}.Debug|Any CPU.Build.0 = Debug|Any CPU
		{DD1AEB62-910E-4543-AC7F-5F1D2697F0A4}.Debug|Any CPU.Deploy.0 = Debug|Any CPU
		{DD1AEB62-910E-4543-AC7F-5F1D2697F0A4}.Debug|iPhone.ActiveCfg = Debug|Any CPU
		{DD1AEB62-910E-4543-AC7F-5F1D2697F0A4}.Debug|iPhone.Build.0 = Debug|Any CPU
		{DD1AEB62-910E-4543-AC7F-5F1D2697F0A4}.Debug|iPhone.Deploy.0 = Debug|Any CPU
		{DD1AEB62-910E-4543-AC7F-5F1D2697F0A4}.Debug|iPhoneSimulator.ActiveCfg = Debug|Any CPU
		{DD1AEB62-910E-4543-AC7F-5F1D2697F0A4}.Debug|iPhoneSimulator.Build.0 = Debug|Any CPU
		{DD1AEB62-910E-4543-AC7F-5F1D2697F0A4}.Debug|iPhoneSimulator.Deploy.0 = Debug|Any CPU
		{DD1AEB62-910E-4543-AC7F-5F1D2697F0A4}.Release|Any CPU.ActiveCfg = Release|Any CPU
		{DD1AEB62-910E-4543-AC7F-5F1D2697F0A4}.Release|Any CPU.Build.0 = Release|Any CPU
		{DD1AEB62-910E-4543-AC7F-5F1D2697F0A4}.Release|Any CPU.Deploy.0 = Release|Any CPU
		{DD1AEB62-910E-4543-AC7F-5F1D2697F0A4}.Release|iPhone.ActiveCfg = Release|Any CPU
		{DD1AEB62-910E-4543-AC7F-5F1D2697F0A4}.Release|iPhone.Build.0 = Release|Any CPU
		{DD1AEB62-910E-4543-AC7F-5F1D2697F0A4}.Release|iPhone.Deploy.0 = Release|Any CPU
		{DD1AEB62-910E-4543-AC7F-5F1D2697F0A4}.Release|iPhoneSimulator.ActiveCfg = Release|Any CPU
		{DD1AEB62-910E-4543-AC7F-5F1D2697F0A4}.Release|iPhoneSimulator.Build.0 = Release|Any CPU
		{DD1AEB62-910E-4543-AC7F-5F1D2697F0A4}.Release|iPhoneSimulator.Deploy.0 = Release|Any CPU
		{FACCA9BA-AD1A-41AE-A1B6-0CE8D55429D8}.Ad-Hoc|Any CPU.ActiveCfg = Release|Any CPU
		{FACCA9BA-AD1A-41AE-A1B6-0CE8D55429D8}.Ad-Hoc|Any CPU.Build.0 = Release|Any CPU
		{FACCA9BA-AD1A-41AE-A1B6-0CE8D55429D8}.Ad-Hoc|iPhone.ActiveCfg = Release|Any CPU
		{FACCA9BA-AD1A-41AE-A1B6-0CE8D55429D8}.Ad-Hoc|iPhone.Build.0 = Release|Any CPU
		{FACCA9BA-AD1A-41AE-A1B6-0CE8D55429D8}.Ad-Hoc|iPhoneSimulator.ActiveCfg = Release|Any CPU
		{FACCA9BA-AD1A-41AE-A1B6-0CE8D55429D8}.Ad-Hoc|iPhoneSimulator.Build.0 = Release|Any CPU
		{FACCA9BA-AD1A-41AE-A1B6-0CE8D55429D8}.AppStore|Any CPU.ActiveCfg = Release|Any CPU
		{FACCA9BA-AD1A-41AE-A1B6-0CE8D55429D8}.AppStore|Any CPU.Build.0 = Release|Any CPU
		{FACCA9BA-AD1A-41AE-A1B6-0CE8D55429D8}.AppStore|iPhone.ActiveCfg = Release|Any CPU
		{FACCA9BA-AD1A-41AE-A1B6-0CE8D55429D8}.AppStore|iPhone.Build.0 = Release|Any CPU
		{FACCA9BA-AD1A-41AE-A1B6-0CE8D55429D8}.AppStore|iPhoneSimulator.ActiveCfg = Release|Any CPU
		{FACCA9BA-AD1A-41AE-A1B6-0CE8D55429D8}.AppStore|iPhoneSimulator.Build.0 = Release|Any CPU
		{FACCA9BA-AD1A-41AE-A1B6-0CE8D55429D8}.Debug|Any CPU.ActiveCfg = Debug|Any CPU
		{FACCA9BA-AD1A-41AE-A1B6-0CE8D55429D8}.Debug|Any CPU.Build.0 = Debug|Any CPU
		{FACCA9BA-AD1A-41AE-A1B6-0CE8D55429D8}.Debug|iPhone.ActiveCfg = Debug|Any CPU
		{FACCA9BA-AD1A-41AE-A1B6-0CE8D55429D8}.Debug|iPhone.Build.0 = Debug|Any CPU
		{FACCA9BA-AD1A-41AE-A1B6-0CE8D55429D8}.Debug|iPhoneSimulator.ActiveCfg = Debug|Any CPU
		{FACCA9BA-AD1A-41AE-A1B6-0CE8D55429D8}.Debug|iPhoneSimulator.Build.0 = Debug|Any CPU
		{FACCA9BA-AD1A-41AE-A1B6-0CE8D55429D8}.Release|Any CPU.ActiveCfg = Release|Any CPU
		{FACCA9BA-AD1A-41AE-A1B6-0CE8D55429D8}.Release|Any CPU.Build.0 = Release|Any CPU
		{FACCA9BA-AD1A-41AE-A1B6-0CE8D55429D8}.Release|iPhone.ActiveCfg = Release|Any CPU
		{FACCA9BA-AD1A-41AE-A1B6-0CE8D55429D8}.Release|iPhone.Build.0 = Release|Any CPU
		{FACCA9BA-AD1A-41AE-A1B6-0CE8D55429D8}.Release|iPhoneSimulator.ActiveCfg = Release|Any CPU
		{FACCA9BA-AD1A-41AE-A1B6-0CE8D55429D8}.Release|iPhoneSimulator.Build.0 = Release|Any CPU
		{8A46E1F1-2F96-4B10-91FF-7DFEB27BA98E}.Ad-Hoc|Any CPU.ActiveCfg = Release|Any CPU
		{8A46E1F1-2F96-4B10-91FF-7DFEB27BA98E}.Ad-Hoc|Any CPU.Build.0 = Release|Any CPU
		{8A46E1F1-2F96-4B10-91FF-7DFEB27BA98E}.Ad-Hoc|iPhone.ActiveCfg = Release|Any CPU
		{8A46E1F1-2F96-4B10-91FF-7DFEB27BA98E}.Ad-Hoc|iPhone.Build.0 = Release|Any CPU
		{8A46E1F1-2F96-4B10-91FF-7DFEB27BA98E}.Ad-Hoc|iPhoneSimulator.ActiveCfg = Release|Any CPU
		{8A46E1F1-2F96-4B10-91FF-7DFEB27BA98E}.Ad-Hoc|iPhoneSimulator.Build.0 = Release|Any CPU
		{8A46E1F1-2F96-4B10-91FF-7DFEB27BA98E}.AppStore|Any CPU.ActiveCfg = Release|Any CPU
		{8A46E1F1-2F96-4B10-91FF-7DFEB27BA98E}.AppStore|Any CPU.Build.0 = Release|Any CPU
		{8A46E1F1-2F96-4B10-91FF-7DFEB27BA98E}.AppStore|iPhone.ActiveCfg = Release|Any CPU
		{8A46E1F1-2F96-4B10-91FF-7DFEB27BA98E}.AppStore|iPhone.Build.0 = Release|Any CPU
		{8A46E1F1-2F96-4B10-91FF-7DFEB27BA98E}.AppStore|iPhoneSimulator.ActiveCfg = Release|Any CPU
		{8A46E1F1-2F96-4B10-91FF-7DFEB27BA98E}.AppStore|iPhoneSimulator.Build.0 = Release|Any CPU
		{8A46E1F1-2F96-4B10-91FF-7DFEB27BA98E}.Debug|Any CPU.ActiveCfg = Debug|Any CPU
		{8A46E1F1-2F96-4B10-91FF-7DFEB27BA98E}.Debug|Any CPU.Build.0 = Debug|Any CPU
		{8A46E1F1-2F96-4B10-91FF-7DFEB27BA98E}.Debug|iPhone.ActiveCfg = Debug|Any CPU
		{8A46E1F1-2F96-4B10-91FF-7DFEB27BA98E}.Debug|iPhone.Build.0 = Debug|Any CPU
		{8A46E1F1-2F96-4B10-91FF-7DFEB27BA98E}.Debug|iPhoneSimulator.ActiveCfg = Debug|Any CPU
		{8A46E1F1-2F96-4B10-91FF-7DFEB27BA98E}.Debug|iPhoneSimulator.Build.0 = Debug|Any CPU
		{8A46E1F1-2F96-4B10-91FF-7DFEB27BA98E}.Release|Any CPU.ActiveCfg = Release|Any CPU
		{8A46E1F1-2F96-4B10-91FF-7DFEB27BA98E}.Release|Any CPU.Build.0 = Release|Any CPU
		{8A46E1F1-2F96-4B10-91FF-7DFEB27BA98E}.Release|iPhone.ActiveCfg = Release|Any CPU
		{8A46E1F1-2F96-4B10-91FF-7DFEB27BA98E}.Release|iPhone.Build.0 = Release|Any CPU
		{8A46E1F1-2F96-4B10-91FF-7DFEB27BA98E}.Release|iPhoneSimulator.ActiveCfg = Release|Any CPU
		{8A46E1F1-2F96-4B10-91FF-7DFEB27BA98E}.Release|iPhoneSimulator.Build.0 = Release|Any CPU
	EndGlobalSection
	GlobalSection(SolutionProperties) = preSolution
		HideSolutionNode = FALSE
	EndGlobalSection
	GlobalSection(ExtensibilityGlobals) = postSolution
		SolutionGuid = {0B4E069F-FAB1-4CD1-B4DD-8986A8C2F1A0}
	EndGlobalSection
EndGlobal
